// !$*UTF8*$!
{
	archiveVersion = 1;
	classes = {
	};
	objectVersion = 56;
	objects = {

/* Begin PBXBuildFile section */
		0F0BD19F2ADAC25B00FC2697 /* FoodCartViewController.swift in Sources */ = {isa = PBXBuildFile; fileRef = 0F0BD19E2ADAC25B00FC2697 /* FoodCartViewController.swift */; };
		0F0BD1A12ADAE4E400FC2697 /* FoodCartViewModel.swift in Sources */ = {isa = PBXBuildFile; fileRef = 0F0BD1A02ADAE4E400FC2697 /* FoodCartViewModel.swift */; };
		0F0BD1A32ADAE50600FC2697 /* FoodCartCollectionViewCell.swift in Sources */ = {isa = PBXBuildFile; fileRef = 0F0BD1A22ADAE50600FC2697 /* FoodCartCollectionViewCell.swift */; };
		0F0BD1A52ADB54E100FC2697 /* CartFoods.swift in Sources */ = {isa = PBXBuildFile; fileRef = 0F0BD1A42ADB54E000FC2697 /* CartFoods.swift */; };
		0F0BD1A72ADC1CF100FC2697 /* CartFoodsResponse.swift in Sources */ = {isa = PBXBuildFile; fileRef = 0F0BD1A62ADC1CF100FC2697 /* CartFoodsResponse.swift */; };
		0F2AE6AB2AD32760000E9C77 /* AppDelegate.swift in Sources */ = {isa = PBXBuildFile; fileRef = 0F2AE6AA2AD32760000E9C77 /* AppDelegate.swift */; };
		0F2AE6AD2AD32760000E9C77 /* SceneDelegate.swift in Sources */ = {isa = PBXBuildFile; fileRef = 0F2AE6AC2AD32760000E9C77 /* SceneDelegate.swift */; };
		0F2AE6AF2AD32760000E9C77 /* HomeViewController.swift in Sources */ = {isa = PBXBuildFile; fileRef = 0F2AE6AE2AD32760000E9C77 /* HomeViewController.swift */; };
		0F2AE6B22AD32760000E9C77 /* Main.storyboard in Resources */ = {isa = PBXBuildFile; fileRef = 0F2AE6B02AD32760000E9C77 /* Main.storyboard */; };
		0F2AE6B42AD32766000E9C77 /* Assets.xcassets in Resources */ = {isa = PBXBuildFile; fileRef = 0F2AE6B32AD32766000E9C77 /* Assets.xcassets */; };
		0F2AE6B72AD32766000E9C77 /* LaunchScreen.storyboard in Resources */ = {isa = PBXBuildFile; fileRef = 0F2AE6B52AD32766000E9C77 /* LaunchScreen.storyboard */; };
		0F7106B32AD35E9000E21FF5 /* Foods.swift in Sources */ = {isa = PBXBuildFile; fileRef = 0F7106B22AD35E9000E21FF5 /* Foods.swift */; };
		0F7A24202AD4993D00EC35DD /* FoodsDaoRepository.swift in Sources */ = {isa = PBXBuildFile; fileRef = 0F7A241F2AD4993D00EC35DD /* FoodsDaoRepository.swift */; };
		0F7A24232AD4A74300EC35DD /* Alamofire in Frameworks */ = {isa = PBXBuildFile; productRef = 0F7A24222AD4A74300EC35DD /* Alamofire */; };
		0F7A24252AD4AAE300EC35DD /* FoodsResponse.swift in Sources */ = {isa = PBXBuildFile; fileRef = 0F7A24242AD4AAE300EC35DD /* FoodsResponse.swift */; };
		0F7B65832AD5C0DB007A4F94 /* Kingfisher in Frameworks */ = {isa = PBXBuildFile; productRef = 0F7B65822AD5C0DB007A4F94 /* Kingfisher */; };
		0F7B65852AD5C5BC007A4F94 /* FoodDetailViewController.swift in Sources */ = {isa = PBXBuildFile; fileRef = 0F7B65842AD5C5BC007A4F94 /* FoodDetailViewController.swift */; };
		0F8398072AD4688200307711 /* RxSwift in Frameworks */ = {isa = PBXBuildFile; productRef = 0F8398062AD4688200307711 /* RxSwift */; };
		0F83980A2AD4798800307711 /* Anton-Regular.ttf in Resources */ = {isa = PBXBuildFile; fileRef = 0F8398092AD4798800307711 /* Anton-Regular.ttf */; };
		0F8450472AD882F900AA4507 /* CRUDresponse.swift in Sources */ = {isa = PBXBuildFile; fileRef = 0F8450462AD882F900AA4507 /* CRUDresponse.swift */; };
		0F8450492AD8903000AA4507 /* FoodDetailViewModel.swift in Sources */ = {isa = PBXBuildFile; fileRef = 0F8450482AD8903000AA4507 /* FoodDetailViewModel.swift */; };
		0F9DAC3D2AD3559600361AF0 /* HomeCollectionViewCell.swift in Sources */ = {isa = PBXBuildFile; fileRef = 0F9DAC3C2AD3559600361AF0 /* HomeCollectionViewCell.swift */; };
		0F9DAC3F2AD35B1500361AF0 /* HomeViewModel.swift in Sources */ = {isa = PBXBuildFile; fileRef = 0F9DAC3E2AD35B1400361AF0 /* HomeViewModel.swift */; };
/* End PBXBuildFile section */

/* Begin PBXFileReference section */
		0F0BD19E2ADAC25B00FC2697 /* FoodCartViewController.swift */ = {isa = PBXFileReference; lastKnownFileType = sourcecode.swift; path = FoodCartViewController.swift; sourceTree = "<group>"; };
		0F0BD1A02ADAE4E400FC2697 /* FoodCartViewModel.swift */ = {isa = PBXFileReference; lastKnownFileType = sourcecode.swift; path = FoodCartViewModel.swift; sourceTree = "<group>"; };
		0F0BD1A22ADAE50600FC2697 /* FoodCartCollectionViewCell.swift */ = {isa = PBXFileReference; lastKnownFileType = sourcecode.swift; path = FoodCartCollectionViewCell.swift; sourceTree = "<group>"; };
		0F0BD1A42ADB54E000FC2697 /* CartFoods.swift */ = {isa = PBXFileReference; lastKnownFileType = sourcecode.swift; path = CartFoods.swift; sourceTree = "<group>"; };
		0F0BD1A62ADC1CF100FC2697 /* CartFoodsResponse.swift */ = {isa = PBXFileReference; lastKnownFileType = sourcecode.swift; path = CartFoodsResponse.swift; sourceTree = "<group>"; };
		0F2AE6A72AD32760000E9C77 /* iOSBootcampFinalAssignmentFoodApp.app */ = {isa = PBXFileReference; explicitFileType = wrapper.application; includeInIndex = 0; path = iOSBootcampFinalAssignmentFoodApp.app; sourceTree = BUILT_PRODUCTS_DIR; };
		0F2AE6AA2AD32760000E9C77 /* AppDelegate.swift */ = {isa = PBXFileReference; lastKnownFileType = sourcecode.swift; path = AppDelegate.swift; sourceTree = "<group>"; };
		0F2AE6AC2AD32760000E9C77 /* SceneDelegate.swift */ = {isa = PBXFileReference; lastKnownFileType = sourcecode.swift; path = SceneDelegate.swift; sourceTree = "<group>"; };
		0F2AE6AE2AD32760000E9C77 /* HomeViewController.swift */ = {isa = PBXFileReference; lastKnownFileType = sourcecode.swift; path = HomeViewController.swift; sourceTree = "<group>"; };
		0F2AE6B12AD32760000E9C77 /* Base */ = {isa = PBXFileReference; lastKnownFileType = file.storyboard; name = Base; path = Base.lproj/Main.storyboard; sourceTree = "<group>"; };
		0F2AE6B32AD32766000E9C77 /* Assets.xcassets */ = {isa = PBXFileReference; lastKnownFileType = folder.assetcatalog; path = Assets.xcassets; sourceTree = "<group>"; };
		0F2AE6B62AD32766000E9C77 /* Base */ = {isa = PBXFileReference; lastKnownFileType = file.storyboard; name = Base; path = Base.lproj/LaunchScreen.storyboard; sourceTree = "<group>"; };
		0F2AE6B82AD32766000E9C77 /* Info.plist */ = {isa = PBXFileReference; lastKnownFileType = text.plist.xml; path = Info.plist; sourceTree = "<group>"; };
		0F7106B22AD35E9000E21FF5 /* Foods.swift */ = {isa = PBXFileReference; lastKnownFileType = sourcecode.swift; path = Foods.swift; sourceTree = "<group>"; };
		0F7A241F2AD4993D00EC35DD /* FoodsDaoRepository.swift */ = {isa = PBXFileReference; lastKnownFileType = sourcecode.swift; path = FoodsDaoRepository.swift; sourceTree = "<group>"; };
		0F7A24242AD4AAE300EC35DD /* FoodsResponse.swift */ = {isa = PBXFileReference; lastKnownFileType = sourcecode.swift; path = FoodsResponse.swift; sourceTree = "<group>"; };
		0F7B65842AD5C5BC007A4F94 /* FoodDetailViewController.swift */ = {isa = PBXFileReference; lastKnownFileType = sourcecode.swift; path = FoodDetailViewController.swift; sourceTree = "<group>"; };
		0F8398092AD4798800307711 /* Anton-Regular.ttf */ = {isa = PBXFileReference; lastKnownFileType = file; path = "Anton-Regular.ttf"; sourceTree = "<group>"; };
		0F8450462AD882F900AA4507 /* CRUDresponse.swift */ = {isa = PBXFileReference; lastKnownFileType = sourcecode.swift; path = CRUDresponse.swift; sourceTree = "<group>"; };
		0F8450482AD8903000AA4507 /* FoodDetailViewModel.swift */ = {isa = PBXFileReference; lastKnownFileType = sourcecode.swift; path = FoodDetailViewModel.swift; sourceTree = "<group>"; };
		0F9DAC3C2AD3559600361AF0 /* HomeCollectionViewCell.swift */ = {isa = PBXFileReference; lastKnownFileType = sourcecode.swift; path = HomeCollectionViewCell.swift; sourceTree = "<group>"; };
		0F9DAC3E2AD35B1400361AF0 /* HomeViewModel.swift */ = {isa = PBXFileReference; lastKnownFileType = sourcecode.swift; path = HomeViewModel.swift; sourceTree = "<group>"; };
/* End PBXFileReference section */

/* Begin PBXFrameworksBuildPhase section */
		0F2AE6A42AD32760000E9C77 /* Frameworks */ = {
			isa = PBXFrameworksBuildPhase;
			buildActionMask = 2147483647;
			files = (
				0F7B65832AD5C0DB007A4F94 /* Kingfisher in Frameworks */,
				0F8398072AD4688200307711 /* RxSwift in Frameworks */,
				0F7A24232AD4A74300EC35DD /* Alamofire in Frameworks */,
			);
			runOnlyForDeploymentPostprocessing = 0;
		};
/* End PBXFrameworksBuildPhase section */

/* Begin PBXGroup section */
		0F2AE69E2AD32760000E9C77 = {
			isa = PBXGroup;
			children = (
				0F2AE6A92AD32760000E9C77 /* iOSBootcampFinalAssignmentFoodApp */,
				0F2AE6A82AD32760000E9C77 /* Products */,
			);
			sourceTree = "<group>";
		};
		0F2AE6A82AD32760000E9C77 /* Products */ = {
			isa = PBXGroup;
			children = (
				0F2AE6A72AD32760000E9C77 /* iOSBootcampFinalAssignmentFoodApp.app */,
			);
			name = Products;
			sourceTree = "<group>";
		};
		0F2AE6A92AD32760000E9C77 /* iOSBootcampFinalAssignmentFoodApp */ = {
			isa = PBXGroup;
			children = (
				0F2AE6AA2AD32760000E9C77 /* AppDelegate.swift */,
				0F2AE6AC2AD32760000E9C77 /* SceneDelegate.swift */,
				0F8398082AD4784B00307711 /* fonts */,
				0F7106AC2AD35DA300E21FF5 /* ui */,
				0F7106AF2AD35E4600E21FF5 /* data */,
				0F2AE6B02AD32760000E9C77 /* Main.storyboard */,
				0F2AE6B32AD32766000E9C77 /* Assets.xcassets */,
				0F2AE6B52AD32766000E9C77 /* LaunchScreen.storyboard */,
				0F2AE6B82AD32766000E9C77 /* Info.plist */,
			);
			path = iOSBootcampFinalAssignmentFoodApp;
			sourceTree = "<group>";
		};
		0F7106AC2AD35DA300E21FF5 /* ui */ = {
			isa = PBXGroup;
			children = (
				0F7106B12AD35E6B00E21FF5 /* viewmodels */,
				0F7106AE2AD35DDA00E21FF5 /* cells */,
				0F7106AD2AD35DAB00E21FF5 /* views */,
			);
			path = ui;
			sourceTree = "<group>";
		};
		0F7106AD2AD35DAB00E21FF5 /* views */ = {
			isa = PBXGroup;
			children = (
				0F2AE6AE2AD32760000E9C77 /* HomeViewController.swift */,
				0F7B65842AD5C5BC007A4F94 /* FoodDetailViewController.swift */,
				0F0BD19E2ADAC25B00FC2697 /* FoodCartViewController.swift */,
			);
			path = views;
			sourceTree = "<group>";
		};
		0F7106AE2AD35DDA00E21FF5 /* cells */ = {
			isa = PBXGroup;
			children = (
				0F9DAC3C2AD3559600361AF0 /* HomeCollectionViewCell.swift */,
				0F0BD1A22ADAE50600FC2697 /* FoodCartCollectionViewCell.swift */,
			);
			path = cells;
			sourceTree = "<group>";
		};
		0F7106AF2AD35E4600E21FF5 /* data */ = {
			isa = PBXGroup;
			children = (
				0F7A241E2AD4991A00EC35DD /* repo */,
				0F7106B02AD35E5500E21FF5 /* entity */,
			);
			path = data;
			sourceTree = "<group>";
		};
		0F7106B02AD35E5500E21FF5 /* entity */ = {
			isa = PBXGroup;
			children = (
				0F7106B22AD35E9000E21FF5 /* Foods.swift */,
				0F7A24242AD4AAE300EC35DD /* FoodsResponse.swift */,
				0F8450462AD882F900AA4507 /* CRUDresponse.swift */,
				0F0BD1A42ADB54E000FC2697 /* CartFoods.swift */,
				0F0BD1A62ADC1CF100FC2697 /* CartFoodsResponse.swift */,
			);
			path = entity;
			sourceTree = "<group>";
		};
		0F7106B12AD35E6B00E21FF5 /* viewmodels */ = {
			isa = PBXGroup;
			children = (
				0F9DAC3E2AD35B1400361AF0 /* HomeViewModel.swift */,
				0F8450482AD8903000AA4507 /* FoodDetailViewModel.swift */,
				0F0BD1A02ADAE4E400FC2697 /* FoodCartViewModel.swift */,
			);
			path = viewmodels;
			sourceTree = "<group>";
		};
		0F7A241E2AD4991A00EC35DD /* repo */ = {
			isa = PBXGroup;
			children = (
				0F7A241F2AD4993D00EC35DD /* FoodsDaoRepository.swift */,
			);
			path = repo;
			sourceTree = "<group>";
		};
		0F8398082AD4784B00307711 /* fonts */ = {
			isa = PBXGroup;
			children = (
				0F8398092AD4798800307711 /* Anton-Regular.ttf */,
			);
			path = fonts;
			sourceTree = "<group>";
		};
/* End PBXGroup section */

/* Begin PBXNativeTarget section */
		0F2AE6A62AD32760000E9C77 /* iOSBootcampFinalAssignmentFoodApp */ = {
			isa = PBXNativeTarget;
			buildConfigurationList = 0F2AE6BB2AD32766000E9C77 /* Build configuration list for PBXNativeTarget "iOSBootcampFinalAssignmentFoodApp" */;
			buildPhases = (
				0F2AE6A32AD32760000E9C77 /* Sources */,
				0F2AE6A42AD32760000E9C77 /* Frameworks */,
				0F2AE6A52AD32760000E9C77 /* Resources */,
			);
			buildRules = (
			);
			dependencies = (
			);
			name = iOSBootcampFinalAssignmentFoodApp;
			packageProductDependencies = (
				0F8398062AD4688200307711 /* RxSwift */,
				0F7A24222AD4A74300EC35DD /* Alamofire */,
				0F7B65822AD5C0DB007A4F94 /* Kingfisher */,
			);
			productName = iOSBootcampFinalAssignmentFoodApp;
			productReference = 0F2AE6A72AD32760000E9C77 /* iOSBootcampFinalAssignmentFoodApp.app */;
			productType = "com.apple.product-type.application";
		};
/* End PBXNativeTarget section */

/* Begin PBXProject section */
		0F2AE69F2AD32760000E9C77 /* Project object */ = {
			isa = PBXProject;
			attributes = {
				BuildIndependentTargetsInParallel = 1;
				LastSwiftUpdateCheck = 1420;
				LastUpgradeCheck = 1420;
				TargetAttributes = {
					0F2AE6A62AD32760000E9C77 = {
						CreatedOnToolsVersion = 14.2;
					};
				};
			};
			buildConfigurationList = 0F2AE6A22AD32760000E9C77 /* Build configuration list for PBXProject "iOSBootcampFinalAssignmentFoodApp" */;
			compatibilityVersion = "Xcode 14.0";
			developmentRegion = en;
			hasScannedForEncodings = 0;
			knownRegions = (
				en,
				Base,
			);
			mainGroup = 0F2AE69E2AD32760000E9C77;
			packageReferences = (
				0F8398052AD4688200307711 /* XCRemoteSwiftPackageReference "RxSwift" */,
				0F7A24212AD4A74300EC35DD /* XCRemoteSwiftPackageReference "Alamofire" */,
				0F7B65812AD5C0DB007A4F94 /* XCRemoteSwiftPackageReference "Kingfisher" */,
			);
			productRefGroup = 0F2AE6A82AD32760000E9C77 /* Products */;
			projectDirPath = "";
			projectRoot = "";
			targets = (
				0F2AE6A62AD32760000E9C77 /* iOSBootcampFinalAssignmentFoodApp */,
			);
		};
/* End PBXProject section */

/* Begin PBXResourcesBuildPhase section */
		0F2AE6A52AD32760000E9C77 /* Resources */ = {
			isa = PBXResourcesBuildPhase;
			buildActionMask = 2147483647;
			files = (
				0F83980A2AD4798800307711 /* Anton-Regular.ttf in Resources */,
				0F2AE6B72AD32766000E9C77 /* LaunchScreen.storyboard in Resources */,
				0F2AE6B42AD32766000E9C77 /* Assets.xcassets in Resources */,
				0F2AE6B22AD32760000E9C77 /* Main.storyboard in Resources */,
			);
			runOnlyForDeploymentPostprocessing = 0;
		};
/* End PBXResourcesBuildPhase section */

/* Begin PBXSourcesBuildPhase section */
		0F2AE6A32AD32760000E9C77 /* Sources */ = {
			isa = PBXSourcesBuildPhase;
			buildActionMask = 2147483647;
			files = (
				0F7B65852AD5C5BC007A4F94 /* FoodDetailViewController.swift in Sources */,
				0F8450492AD8903000AA4507 /* FoodDetailViewModel.swift in Sources */,
				0F0BD1A52ADB54E100FC2697 /* CartFoods.swift in Sources */,
				0F7A24252AD4AAE300EC35DD /* FoodsResponse.swift in Sources */,
				0F7A24202AD4993D00EC35DD /* FoodsDaoRepository.swift in Sources */,
				0F0BD19F2ADAC25B00FC2697 /* FoodCartViewController.swift in Sources */,
				0F0BD1A72ADC1CF100FC2697 /* CartFoodsResponse.swift in Sources */,
				0F9DAC3F2AD35B1500361AF0 /* HomeViewModel.swift in Sources */,
				0F0BD1A32ADAE50600FC2697 /* FoodCartCollectionViewCell.swift in Sources */,
				0F0BD1A12ADAE4E400FC2697 /* FoodCartViewModel.swift in Sources */,
				0F2AE6AF2AD32760000E9C77 /* HomeViewController.swift in Sources */,
				0F2AE6AB2AD32760000E9C77 /* AppDelegate.swift in Sources */,
				0F8450472AD882F900AA4507 /* CRUDresponse.swift in Sources */,
				0F7106B32AD35E9000E21FF5 /* Foods.swift in Sources */,
				0F9DAC3D2AD3559600361AF0 /* HomeCollectionViewCell.swift in Sources */,
				0F2AE6AD2AD32760000E9C77 /* SceneDelegate.swift in Sources */,
			);
			runOnlyForDeploymentPostprocessing = 0;
		};
/* End PBXSourcesBuildPhase section */

/* Begin PBXVariantGroup section */
		0F2AE6B02AD32760000E9C77 /* Main.storyboard */ = {
			isa = PBXVariantGroup;
			children = (
				0F2AE6B12AD32760000E9C77 /* Base */,
			);
			name = Main.storyboard;
			sourceTree = "<group>";
		};
		0F2AE6B52AD32766000E9C77 /* LaunchScreen.storyboard */ = {
			isa = PBXVariantGroup;
			children = (
				0F2AE6B62AD32766000E9C77 /* Base */,
			);
			name = LaunchScreen.storyboard;
			sourceTree = "<group>";
		};
/* End PBXVariantGroup section */

/* Begin XCBuildConfiguration section */
		0F2AE6B92AD32766000E9C77 /* Debug */ = {
			isa = XCBuildConfiguration;
			buildSettings = {
				ALWAYS_SEARCH_USER_PATHS = NO;
				CLANG_ANALYZER_NONNULL = YES;
				CLANG_ANALYZER_NUMBER_OBJECT_CONVERSION = YES_AGGRESSIVE;
				CLANG_CXX_LANGUAGE_STANDARD = "gnu++20";
				CLANG_ENABLE_MODULES = YES;
				CLANG_ENABLE_OBJC_ARC = YES;
				CLANG_ENABLE_OBJC_WEAK = YES;
				CLANG_WARN_BLOCK_CAPTURE_AUTORELEASING = YES;
				CLANG_WARN_BOOL_CONVERSION = YES;
				CLANG_WARN_COMMA = YES;
				CLANG_WARN_CONSTANT_CONVERSION = YES;
				CLANG_WARN_DEPRECATED_OBJC_IMPLEMENTATIONS = YES;
				CLANG_WARN_DIRECT_OBJC_ISA_USAGE = YES_ERROR;
				CLANG_WARN_DOCUMENTATION_COMMENTS = YES;
				CLANG_WARN_EMPTY_BODY = YES;
				CLANG_WARN_ENUM_CONVERSION = YES;
				CLANG_WARN_INFINITE_RECURSION = YES;
				CLANG_WARN_INT_CONVERSION = YES;
				CLANG_WARN_NON_LITERAL_NULL_CONVERSION = YES;
				CLANG_WARN_OBJC_IMPLICIT_RETAIN_SELF = YES;
				CLANG_WARN_OBJC_LITERAL_CONVERSION = YES;
				CLANG_WARN_OBJC_ROOT_CLASS = YES_ERROR;
				CLANG_WARN_QUOTED_INCLUDE_IN_FRAMEWORK_HEADER = YES;
				CLANG_WARN_RANGE_LOOP_ANALYSIS = YES;
				CLANG_WARN_STRICT_PROTOTYPES = YES;
				CLANG_WARN_SUSPICIOUS_MOVE = YES;
				CLANG_WARN_UNGUARDED_AVAILABILITY = YES_AGGRESSIVE;
				CLANG_WARN_UNREACHABLE_CODE = YES;
				CLANG_WARN__DUPLICATE_METHOD_MATCH = YES;
				COPY_PHASE_STRIP = NO;
				DEBUG_INFORMATION_FORMAT = dwarf;
				ENABLE_STRICT_OBJC_MSGSEND = YES;
				ENABLE_TESTABILITY = YES;
				GCC_C_LANGUAGE_STANDARD = gnu11;
				GCC_DYNAMIC_NO_PIC = NO;
				GCC_NO_COMMON_BLOCKS = YES;
				GCC_OPTIMIZATION_LEVEL = 0;
				GCC_PREPROCESSOR_DEFINITIONS = (
					"DEBUG=1",
					"$(inherited)",
				);
				GCC_WARN_64_TO_32_BIT_CONVERSION = YES;
				GCC_WARN_ABOUT_RETURN_TYPE = YES_ERROR;
				GCC_WARN_UNDECLARED_SELECTOR = YES;
				GCC_WARN_UNINITIALIZED_AUTOS = YES_AGGRESSIVE;
				GCC_WARN_UNUSED_FUNCTION = YES;
				GCC_WARN_UNUSED_VARIABLE = YES;
				IPHONEOS_DEPLOYMENT_TARGET = 16.2;
				MTL_ENABLE_DEBUG_INFO = INCLUDE_SOURCE;
				MTL_FAST_MATH = YES;
				ONLY_ACTIVE_ARCH = YES;
				SDKROOT = iphoneos;
				SWIFT_ACTIVE_COMPILATION_CONDITIONS = DEBUG;
				SWIFT_OPTIMIZATION_LEVEL = "-Onone";
			};
			name = Debug;
		};
		0F2AE6BA2AD32766000E9C77 /* Release */ = {
			isa = XCBuildConfiguration;
			buildSettings = {
				ALWAYS_SEARCH_USER_PATHS = NO;
				CLANG_ANALYZER_NONNULL = YES;
				CLANG_ANALYZER_NUMBER_OBJECT_CONVERSION = YES_AGGRESSIVE;
				CLANG_CXX_LANGUAGE_STANDARD = "gnu++20";
				CLANG_ENABLE_MODULES = YES;
				CLANG_ENABLE_OBJC_ARC = YES;
				CLANG_ENABLE_OBJC_WEAK = YES;
				CLANG_WARN_BLOCK_CAPTURE_AUTORELEASING = YES;
				CLANG_WARN_BOOL_CONVERSION = YES;
				CLANG_WARN_COMMA = YES;
				CLANG_WARN_CONSTANT_CONVERSION = YES;
				CLANG_WARN_DEPRECATED_OBJC_IMPLEMENTATIONS = YES;
				CLANG_WARN_DIRECT_OBJC_ISA_USAGE = YES_ERROR;
				CLANG_WARN_DOCUMENTATION_COMMENTS = YES;
				CLANG_WARN_EMPTY_BODY = YES;
				CLANG_WARN_ENUM_CONVERSION = YES;
				CLANG_WARN_INFINITE_RECURSION = YES;
				CLANG_WARN_INT_CONVERSION = YES;
				CLANG_WARN_NON_LITERAL_NULL_CONVERSION = YES;
				CLANG_WARN_OBJC_IMPLICIT_RETAIN_SELF = YES;
				CLANG_WARN_OBJC_LITERAL_CONVERSION = YES;
				CLANG_WARN_OBJC_ROOT_CLASS = YES_ERROR;
				CLANG_WARN_QUOTED_INCLUDE_IN_FRAMEWORK_HEADER = YES;
				CLANG_WARN_RANGE_LOOP_ANALYSIS = YES;
				CLANG_WARN_STRICT_PROTOTYPES = YES;
				CLANG_WARN_SUSPICIOUS_MOVE = YES;
				CLANG_WARN_UNGUARDED_AVAILABILITY = YES_AGGRESSIVE;
				CLANG_WARN_UNREACHABLE_CODE = YES;
				CLANG_WARN__DUPLICATE_METHOD_MATCH = YES;
				COPY_PHASE_STRIP = NO;
				DEBUG_INFORMATION_FORMAT = "dwarf-with-dsym";
				ENABLE_NS_ASSERTIONS = NO;
				ENABLE_STRICT_OBJC_MSGSEND = YES;
				GCC_C_LANGUAGE_STANDARD = gnu11;
				GCC_NO_COMMON_BLOCKS = YES;
				GCC_WARN_64_TO_32_BIT_CONVERSION = YES;
				GCC_WARN_ABOUT_RETURN_TYPE = YES_ERROR;
				GCC_WARN_UNDECLARED_SELECTOR = YES;
				GCC_WARN_UNINITIALIZED_AUTOS = YES_AGGRESSIVE;
				GCC_WARN_UNUSED_FUNCTION = YES;
				GCC_WARN_UNUSED_VARIABLE = YES;
				IPHONEOS_DEPLOYMENT_TARGET = 16.2;
				MTL_ENABLE_DEBUG_INFO = NO;
				MTL_FAST_MATH = YES;
				SDKROOT = iphoneos;
				SWIFT_COMPILATION_MODE = wholemodule;
				SWIFT_OPTIMIZATION_LEVEL = "-O";
				VALIDATE_PRODUCT = YES;
			};
			name = Release;
		};
		0F2AE6BC2AD32766000E9C77 /* Debug */ = {
			isa = XCBuildConfiguration;
			buildSettings = {
				ASSETCATALOG_COMPILER_APPICON_NAME = AppIcon;
				ASSETCATALOG_COMPILER_GLOBAL_ACCENT_COLOR_NAME = AccentColor;
				CODE_SIGN_STYLE = Automatic;
				CURRENT_PROJECT_VERSION = 1;
				DEVELOPMENT_TEAM = T56JGFA2A3;
				GENERATE_INFOPLIST_FILE = YES;
				INFOPLIST_FILE = iOSBootcampFinalAssignmentFoodApp/Info.plist;
				INFOPLIST_KEY_UIApplicationSupportsIndirectInputEvents = YES;
				INFOPLIST_KEY_UILaunchStoryboardName = LaunchScreen;
				INFOPLIST_KEY_UIMainStoryboardFile = Main;
				INFOPLIST_KEY_UISupportedInterfaceOrientations_iPad = "UIInterfaceOrientationPortrait UIInterfaceOrientationPortraitUpsideDown UIInterfaceOrientationLandscapeLeft UIInterfaceOrientationLandscapeRight";
				INFOPLIST_KEY_UISupportedInterfaceOrientations_iPhone = "UIInterfaceOrientationPortrait UIInterfaceOrientationLandscapeLeft UIInterfaceOrientationLandscapeRight";
				LD_RUNPATH_SEARCH_PATHS = (
					"$(inherited)",
					"@executable_path/Frameworks",
				);
				MARKETING_VERSION = 1.0;
				PRODUCT_BUNDLE_IDENTIFIER = com.info.iOSBootcampFinalAssignmentFoodApp;
				PRODUCT_NAME = "$(TARGET_NAME)";
				SWIFT_EMIT_LOC_STRINGS = YES;
				SWIFT_VERSION = 5.0;
				TARGETED_DEVICE_FAMILY = "1,2";
			};
			name = Debug;
		};
		0F2AE6BD2AD32766000E9C77 /* Release */ = {
			isa = XCBuildConfiguration;
			buildSettings = {
				ASSETCATALOG_COMPILER_APPICON_NAME = AppIcon;
				ASSETCATALOG_COMPILER_GLOBAL_ACCENT_COLOR_NAME = AccentColor;
				CODE_SIGN_STYLE = Automatic;
				CURRENT_PROJECT_VERSION = 1;
				DEVELOPMENT_TEAM = T56JGFA2A3;
				GENERATE_INFOPLIST_FILE = YES;
				INFOPLIST_FILE = iOSBootcampFinalAssignmentFoodApp/Info.plist;
				INFOPLIST_KEY_UIApplicationSupportsIndirectInputEvents = YES;
				INFOPLIST_KEY_UILaunchStoryboardName = LaunchScreen;
				INFOPLIST_KEY_UIMainStoryboardFile = Main;
				INFOPLIST_KEY_UISupportedInterfaceOrientations_iPad = "UIInterfaceOrientationPortrait UIInterfaceOrientationPortraitUpsideDown UIInterfaceOrientationLandscapeLeft UIInterfaceOrientationLandscapeRight";
				INFOPLIST_KEY_UISupportedInterfaceOrientations_iPhone = "UIInterfaceOrientationPortrait UIInterfaceOrientationLandscapeLeft UIInterfaceOrientationLandscapeRight";
				LD_RUNPATH_SEARCH_PATHS = (
					"$(inherited)",
					"@executable_path/Frameworks",
				);
				MARKETING_VERSION = 1.0;
				PRODUCT_BUNDLE_IDENTIFIER = com.info.iOSBootcampFinalAssignmentFoodApp;
				PRODUCT_NAME = "$(TARGET_NAME)";
				SWIFT_EMIT_LOC_STRINGS = YES;
				SWIFT_VERSION = 5.0;
				TARGETED_DEVICE_FAMILY = "1,2";
			};
			name = Release;
		};
/* End XCBuildConfiguration section */

/* Begin XCConfigurationList section */
		0F2AE6A22AD32760000E9C77 /* Build configuration list for PBXProject "iOSBootcampFinalAssignmentFoodApp" */ = {
			isa = XCConfigurationList;
			buildConfigurations = (
				0F2AE6B92AD32766000E9C77 /* Debug */,
				0F2AE6BA2AD32766000E9C77 /* Release */,
			);
			defaultConfigurationIsVisible = 0;
			defaultConfigurationName = Release;
		};
		0F2AE6BB2AD32766000E9C77 /* Build configuration list for PBXNativeTarget "iOSBootcampFinalAssignmentFoodApp" */ = {
			isa = XCConfigurationList;
			buildConfigurations = (
				0F2AE6BC2AD32766000E9C77 /* Debug */,
				0F2AE6BD2AD32766000E9C77 /* Release */,
			);
			defaultConfigurationIsVisible = 0;
			defaultConfigurationName = Release;
		};
/* End XCConfigurationList section */

/* Begin XCRemoteSwiftPackageReference section */
		0F7A24212AD4A74300EC35DD /* XCRemoteSwiftPackageReference "Alamofire" */ = {
			isa = XCRemoteSwiftPackageReference;
			repositoryURL = "https://github.com/Alamofire/Alamofire.git";
			requirement = {
				kind = upToNextMajorVersion;
				minimumVersion = 5.0.0;
			};
		};
		0F7B65812AD5C0DB007A4F94 /* XCRemoteSwiftPackageReference "Kingfisher" */ = {
			isa = XCRemoteSwiftPackageReference;
			repositoryURL = "https://github.com/onevcat/Kingfisher.git";
			requirement = {
				kind = upToNextMajorVersion;
				minimumVersion = 7.0.0;
			};
		};
		0F8398052AD4688200307711 /* XCRemoteSwiftPackageReference "RxSwift" */ = {
			isa = XCRemoteSwiftPackageReference;
			repositoryURL = "https://github.com/ReactiveX/RxSwift.git";
			requirement = {
				kind = upToNextMajorVersion;
				minimumVersion = 6.0.0;
			};
		};
/* End XCRemoteSwiftPackageReference section */

/* Begin XCSwiftPackageProductDependency section */
		0F7A24222AD4A74300EC35DD /* Alamofire */ = {
			isa = XCSwiftPackageProductDependency;
			package = 0F7A24212AD4A74300EC35DD /* XCRemoteSwiftPackageReference "Alamofire" */;
			productName = Alamofire;
		};
		0F7B65822AD5C0DB007A4F94 /* Kingfisher */ = {
			isa = XCSwiftPackageProductDependency;
			package = 0F7B65812AD5C0DB007A4F94 /* XCRemoteSwiftPackageReference "Kingfisher" */;
			productName = Kingfisher;
		};
		0F8398062AD4688200307711 /* RxSwift */ = {
			isa = XCSwiftPackageProductDependency;
			package = 0F8398052AD4688200307711 /* XCRemoteSwiftPackageReference "RxSwift" */;
			productName = RxSwift;
		};
/* End XCSwiftPackageProductDependency section */
	};
	rootObject = 0F2AE69F2AD32760000E9C77 /* Project object */;
}
