// !$*UTF8*$!
{
	archiveVersion = 1;
	classes = {
	};
	objectVersion = 56;
	objects = {

/* Begin PBXBuildFile section */
		0F08A8492B51A71400A0041D /* AddressesViewController.swift in Sources */ = {isa = PBXBuildFile; fileRef = 0F08A8482B51A71400A0041D /* AddressesViewController.swift */; };
		0F08A84B2B51F93D00A0041D /* AddressesTableViewCell.swift in Sources */ = {isa = PBXBuildFile; fileRef = 0F08A84A2B51F93D00A0041D /* AddressesTableViewCell.swift */; };
		0F0BD19F2ADAC25B00FC2697 /* FoodCartViewController.swift in Sources */ = {isa = PBXBuildFile; fileRef = 0F0BD19E2ADAC25B00FC2697 /* FoodCartViewController.swift */; };
		0F0BD1A12ADAE4E400FC2697 /* FoodCartViewModel.swift in Sources */ = {isa = PBXBuildFile; fileRef = 0F0BD1A02ADAE4E400FC2697 /* FoodCartViewModel.swift */; };
		0F0BD1A32ADAE50600FC2697 /* FoodCartCollectionViewCell.swift in Sources */ = {isa = PBXBuildFile; fileRef = 0F0BD1A22ADAE50600FC2697 /* FoodCartCollectionViewCell.swift */; };
		0F0BD1A52ADB54E100FC2697 /* CartFoods.swift in Sources */ = {isa = PBXBuildFile; fileRef = 0F0BD1A42ADB54E000FC2697 /* CartFoods.swift */; };
		0F0BD1A72ADC1CF100FC2697 /* CartFoodsResponse.swift in Sources */ = {isa = PBXBuildFile; fileRef = 0F0BD1A62ADC1CF100FC2697 /* CartFoodsResponse.swift */; };
		0F13DED52B40A9B600352578 /* ForgotPasswordViewController.swift in Sources */ = {isa = PBXBuildFile; fileRef = 0F13DED42B40A9B600352578 /* ForgotPasswordViewController.swift */; };
		0F13DED72B44CD6600352578 /* CheckoutViewController.swift in Sources */ = {isa = PBXBuildFile; fileRef = 0F13DED62B44CD6600352578 /* CheckoutViewController.swift */; };
		0F13DED92B457D8600352578 /* MapKit.framework in Frameworks */ = {isa = PBXBuildFile; fileRef = 0F13DED82B457D8600352578 /* MapKit.framework */; };
		0F13DEDB2B49699600352578 /* PaymentMethodTableViewCell.swift in Sources */ = {isa = PBXBuildFile; fileRef = 0F13DEDA2B49699600352578 /* PaymentMethodTableViewCell.swift */; };
		0F13DEDD2B496A6000352578 /* OrderSumTableViewCell.swift in Sources */ = {isa = PBXBuildFile; fileRef = 0F13DEDC2B496A6000352578 /* OrderSumTableViewCell.swift */; };
		0F13DF1B2B4B06E300352578 /* AddressDaoRepository.swift in Sources */ = {isa = PBXBuildFile; fileRef = 0F13DF1A2B4B06E300352578 /* AddressDaoRepository.swift */; };
		0F13DF1D2B4B07CB00352578 /* Address.swift in Sources */ = {isa = PBXBuildFile; fileRef = 0F13DF1C2B4B07CB00352578 /* Address.swift */; };
		0F161B1D2B13D9FF00EC7807 /* UserViewModel.swift in Sources */ = {isa = PBXBuildFile; fileRef = 0F161B1C2B13D9FF00EC7807 /* UserViewModel.swift */; };
		0F161B1F2B13E0F500EC7807 /* UsersDaoRepository.swift in Sources */ = {isa = PBXBuildFile; fileRef = 0F161B1E2B13E0F500EC7807 /* UsersDaoRepository.swift */; };
		0F161B222B1746FD00EC7807 /* SkeletonView in Frameworks */ = {isa = PBXBuildFile; productRef = 0F161B212B1746FD00EC7807 /* SkeletonView */; };
		0F161B282B1D3B6F00EC7807 /* LikesDaoRepository.swift in Sources */ = {isa = PBXBuildFile; fileRef = 0F161B272B1D3B6F00EC7807 /* LikesDaoRepository.swift */; };
		0F17B9332B0D6DBC00D7D3B7 /* FirebaseStorage in Frameworks */ = {isa = PBXBuildFile; productRef = 0F17B9322B0D6DBC00D7D3B7 /* FirebaseStorage */; };
		0F17B9352B0EBDB400D7D3B7 /* User.swift in Sources */ = {isa = PBXBuildFile; fileRef = 0F17B9342B0EBDB400D7D3B7 /* User.swift */; };
		0F2AE6AB2AD32760000E9C77 /* AppDelegate.swift in Sources */ = {isa = PBXBuildFile; fileRef = 0F2AE6AA2AD32760000E9C77 /* AppDelegate.swift */; };
		0F2AE6AD2AD32760000E9C77 /* SceneDelegate.swift in Sources */ = {isa = PBXBuildFile; fileRef = 0F2AE6AC2AD32760000E9C77 /* SceneDelegate.swift */; };
		0F2AE6AF2AD32760000E9C77 /* HomeViewController.swift in Sources */ = {isa = PBXBuildFile; fileRef = 0F2AE6AE2AD32760000E9C77 /* HomeViewController.swift */; };
		0F2AE6B22AD32760000E9C77 /* Main.storyboard in Resources */ = {isa = PBXBuildFile; fileRef = 0F2AE6B02AD32760000E9C77 /* Main.storyboard */; };
		0F2AE6B42AD32766000E9C77 /* Assets.xcassets in Resources */ = {isa = PBXBuildFile; fileRef = 0F2AE6B32AD32766000E9C77 /* Assets.xcassets */; };
		0F2AE6B72AD32766000E9C77 /* LaunchScreen.storyboard in Resources */ = {isa = PBXBuildFile; fileRef = 0F2AE6B52AD32766000E9C77 /* LaunchScreen.storyboard */; };
		0F34B9E22B5C2B1100F9818E /* PaymentMethodsViewController.swift in Sources */ = {isa = PBXBuildFile; fileRef = 0F34B9E12B5C2B1000F9818E /* PaymentMethodsViewController.swift */; };
		0F3F311A2B09483D00FCF112 /* MyProfileViewController.swift in Sources */ = {isa = PBXBuildFile; fileRef = 0F3F31192B09483D00FCF112 /* MyProfileViewController.swift */; };
		0F3F311C2B0BD4E900FCF112 /* RegisterCompleteViewController.swift in Sources */ = {isa = PBXBuildFile; fileRef = 0F3F311B2B0BD4E800FCF112 /* RegisterCompleteViewController.swift */; };
		0F44BF852B08278E001C89DC /* AlertHelper.swift in Sources */ = {isa = PBXBuildFile; fileRef = 0F44BF842B08278E001C89DC /* AlertHelper.swift */; };
		0F470E1F2B5FE603000AB3BB /* CardViewController.swift in Sources */ = {isa = PBXBuildFile; fileRef = 0F470E1E2B5FE603000AB3BB /* CardViewController.swift */; };
		0F470E212B607AED000AB3BB /* GoogleService-Info.plist in Resources */ = {isa = PBXBuildFile; fileRef = 0F470E202B607AED000AB3BB /* GoogleService-Info.plist */; };
		0F6400CC2B3F74AB00D6CCE9 /* GifLoader.swift in Sources */ = {isa = PBXBuildFile; fileRef = 0F6400CB2B3F74AB00D6CCE9 /* GifLoader.swift */; };
		0F6400CF2B3F774D00D6CCE9 /* loadingKebabGif.gif in Resources */ = {isa = PBXBuildFile; fileRef = 0F6400CE2B3F774D00D6CCE9 /* loadingKebabGif.gif */; };
		0F6400D12B3F78DF00D6CCE9 /* LaunchScreenViewController.swift in Sources */ = {isa = PBXBuildFile; fileRef = 0F6400D02B3F78DF00D6CCE9 /* LaunchScreenViewController.swift */; };
		0F7106B32AD35E9000E21FF5 /* Foods.swift in Sources */ = {isa = PBXBuildFile; fileRef = 0F7106B22AD35E9000E21FF5 /* Foods.swift */; };
		0F750CA02B0413460058BF06 /* FirebaseAuth in Frameworks */ = {isa = PBXBuildFile; productRef = 0F750C9F2B0413460058BF06 /* FirebaseAuth */; };
		0F750CAC2B0413460058BF06 /* FirebaseFirestore in Frameworks */ = {isa = PBXBuildFile; productRef = 0F750CAB2B0413460058BF06 /* FirebaseFirestore */; };
		0F750CCA2B0553260058BF06 /* LoginViewController.swift in Sources */ = {isa = PBXBuildFile; fileRef = 0F750CC92B0553260058BF06 /* LoginViewController.swift */; };
		0F750CCC2B05784E0058BF06 /* RegisterViewController.swift in Sources */ = {isa = PBXBuildFile; fileRef = 0F750CCB2B05784E0058BF06 /* RegisterViewController.swift */; };
		0F7A24202AD4993D00EC35DD /* FoodsDaoRepository.swift in Sources */ = {isa = PBXBuildFile; fileRef = 0F7A241F2AD4993D00EC35DD /* FoodsDaoRepository.swift */; };
		0F7A24232AD4A74300EC35DD /* Alamofire in Frameworks */ = {isa = PBXBuildFile; productRef = 0F7A24222AD4A74300EC35DD /* Alamofire */; };
		0F7A24252AD4AAE300EC35DD /* FoodsResponse.swift in Sources */ = {isa = PBXBuildFile; fileRef = 0F7A24242AD4AAE300EC35DD /* FoodsResponse.swift */; };
		0F7B65832AD5C0DB007A4F94 /* Kingfisher in Frameworks */ = {isa = PBXBuildFile; productRef = 0F7B65822AD5C0DB007A4F94 /* Kingfisher */; };
		0F7B65852AD5C5BC007A4F94 /* FoodDetailViewController.swift in Sources */ = {isa = PBXBuildFile; fileRef = 0F7B65842AD5C5BC007A4F94 /* FoodDetailViewController.swift */; };
		0F8398072AD4688200307711 /* RxSwift in Frameworks */ = {isa = PBXBuildFile; productRef = 0F8398062AD4688200307711 /* RxSwift */; };
		0F83980A2AD4798800307711 /* Anton-Regular.ttf in Resources */ = {isa = PBXBuildFile; fileRef = 0F8398092AD4798800307711 /* Anton-Regular.ttf */; };
		0F8450472AD882F900AA4507 /* CRUDresponse.swift in Sources */ = {isa = PBXBuildFile; fileRef = 0F8450462AD882F900AA4507 /* CRUDresponse.swift */; };
		0F9919782B4DFC5100C81F09 /* AddressViewController.swift in Sources */ = {isa = PBXBuildFile; fileRef = 0F9919772B4DFC5100C81F09 /* AddressViewController.swift */; };
		0F99BC402B4EAEEF001FA821 /* AddressViewModel.swift in Sources */ = {isa = PBXBuildFile; fileRef = 0F99BC3F2B4EAEEF001FA821 /* AddressViewModel.swift */; };
		0F9DAC3D2AD3559600361AF0 /* HomeCollectionViewCell.swift in Sources */ = {isa = PBXBuildFile; fileRef = 0F9DAC3C2AD3559600361AF0 /* HomeCollectionViewCell.swift */; };
		0F9DAC3F2AD35B1500361AF0 /* HomeViewModel.swift in Sources */ = {isa = PBXBuildFile; fileRef = 0F9DAC3E2AD35B1400361AF0 /* HomeViewModel.swift */; };
		0FA064262B5C82D0007710B7 /* Cards.swift in Sources */ = {isa = PBXBuildFile; fileRef = 0FA064252B5C82D0007710B7 /* Cards.swift */; };
		0FCFC3482B2137310056A711 /* LikesViewModel.swift in Sources */ = {isa = PBXBuildFile; fileRef = 0FCFC3472B2137310056A711 /* LikesViewModel.swift */; };
		0FCFC34A2B213D210056A711 /* LikesViewController.swift in Sources */ = {isa = PBXBuildFile; fileRef = 0FCFC3492B213D210056A711 /* LikesViewController.swift */; };
		0FCFC34C2B239CE60056A711 /* LikesTableViewCell.swift in Sources */ = {isa = PBXBuildFile; fileRef = 0FCFC34B2B239CE60056A711 /* LikesTableViewCell.swift */; };
		0FF29CF92B5D994900B2D7C4 /* PaymentDaoRepository.swift in Sources */ = {isa = PBXBuildFile; fileRef = 0FF29CF82B5D994900B2D7C4 /* PaymentDaoRepository.swift */; };
		0FF29CFB2B5DB8F600B2D7C4 /* PaymentViewModel.swift in Sources */ = {isa = PBXBuildFile; fileRef = 0FF29CFA2B5DB8F600B2D7C4 /* PaymentViewModel.swift */; };
/* End PBXBuildFile section */

/* Begin PBXFileReference section */
		0F08A8482B51A71400A0041D /* AddressesViewController.swift */ = {isa = PBXFileReference; lastKnownFileType = sourcecode.swift; path = AddressesViewController.swift; sourceTree = "<group>"; };
		0F08A84A2B51F93D00A0041D /* AddressesTableViewCell.swift */ = {isa = PBXFileReference; lastKnownFileType = sourcecode.swift; path = AddressesTableViewCell.swift; sourceTree = "<group>"; };
		0F0BD19E2ADAC25B00FC2697 /* FoodCartViewController.swift */ = {isa = PBXFileReference; lastKnownFileType = sourcecode.swift; path = FoodCartViewController.swift; sourceTree = "<group>"; };
		0F0BD1A02ADAE4E400FC2697 /* FoodCartViewModel.swift */ = {isa = PBXFileReference; lastKnownFileType = sourcecode.swift; path = FoodCartViewModel.swift; sourceTree = "<group>"; };
		0F0BD1A22ADAE50600FC2697 /* FoodCartCollectionViewCell.swift */ = {isa = PBXFileReference; lastKnownFileType = sourcecode.swift; path = FoodCartCollectionViewCell.swift; sourceTree = "<group>"; };
		0F0BD1A42ADB54E000FC2697 /* CartFoods.swift */ = {isa = PBXFileReference; lastKnownFileType = sourcecode.swift; path = CartFoods.swift; sourceTree = "<group>"; };
		0F0BD1A62ADC1CF100FC2697 /* CartFoodsResponse.swift */ = {isa = PBXFileReference; lastKnownFileType = sourcecode.swift; path = CartFoodsResponse.swift; sourceTree = "<group>"; };
		0F13DED42B40A9B600352578 /* ForgotPasswordViewController.swift */ = {isa = PBXFileReference; lastKnownFileType = sourcecode.swift; path = ForgotPasswordViewController.swift; sourceTree = "<group>"; };
		0F13DED62B44CD6600352578 /* CheckoutViewController.swift */ = {isa = PBXFileReference; lastKnownFileType = sourcecode.swift; path = CheckoutViewController.swift; sourceTree = "<group>"; };
		0F13DED82B457D8600352578 /* MapKit.framework */ = {isa = PBXFileReference; lastKnownFileType = wrapper.framework; name = MapKit.framework; path = System/Library/Frameworks/MapKit.framework; sourceTree = SDKROOT; };
		0F13DEDA2B49699600352578 /* PaymentMethodTableViewCell.swift */ = {isa = PBXFileReference; lastKnownFileType = sourcecode.swift; path = PaymentMethodTableViewCell.swift; sourceTree = "<group>"; };
		0F13DEDC2B496A6000352578 /* OrderSumTableViewCell.swift */ = {isa = PBXFileReference; lastKnownFileType = sourcecode.swift; path = OrderSumTableViewCell.swift; sourceTree = "<group>"; };
		0F13DF1A2B4B06E300352578 /* AddressDaoRepository.swift */ = {isa = PBXFileReference; lastKnownFileType = sourcecode.swift; path = AddressDaoRepository.swift; sourceTree = "<group>"; };
		0F13DF1C2B4B07CB00352578 /* Address.swift */ = {isa = PBXFileReference; lastKnownFileType = sourcecode.swift; path = Address.swift; sourceTree = "<group>"; };
		0F161B1C2B13D9FF00EC7807 /* UserViewModel.swift */ = {isa = PBXFileReference; lastKnownFileType = sourcecode.swift; path = UserViewModel.swift; sourceTree = "<group>"; };
		0F161B1E2B13E0F500EC7807 /* UsersDaoRepository.swift */ = {isa = PBXFileReference; lastKnownFileType = sourcecode.swift; path = UsersDaoRepository.swift; sourceTree = "<group>"; };
		0F161B272B1D3B6F00EC7807 /* LikesDaoRepository.swift */ = {isa = PBXFileReference; lastKnownFileType = sourcecode.swift; path = LikesDaoRepository.swift; sourceTree = "<group>"; };
		0F17B9342B0EBDB400D7D3B7 /* User.swift */ = {isa = PBXFileReference; lastKnownFileType = sourcecode.swift; path = User.swift; sourceTree = "<group>"; };
		0F2AE6A72AD32760000E9C77 /* iOSBootcampFinalAssignmentFoodApp.app */ = {isa = PBXFileReference; explicitFileType = wrapper.application; includeInIndex = 0; path = iOSBootcampFinalAssignmentFoodApp.app; sourceTree = BUILT_PRODUCTS_DIR; };
		0F2AE6AA2AD32760000E9C77 /* AppDelegate.swift */ = {isa = PBXFileReference; lastKnownFileType = sourcecode.swift; path = AppDelegate.swift; sourceTree = "<group>"; };
		0F2AE6AC2AD32760000E9C77 /* SceneDelegate.swift */ = {isa = PBXFileReference; lastKnownFileType = sourcecode.swift; path = SceneDelegate.swift; sourceTree = "<group>"; };
		0F2AE6AE2AD32760000E9C77 /* HomeViewController.swift */ = {isa = PBXFileReference; lastKnownFileType = sourcecode.swift; path = HomeViewController.swift; sourceTree = "<group>"; };
		0F2AE6B12AD32760000E9C77 /* Base */ = {isa = PBXFileReference; lastKnownFileType = file.storyboard; name = Base; path = Base.lproj/Main.storyboard; sourceTree = "<group>"; };
		0F2AE6B32AD32766000E9C77 /* Assets.xcassets */ = {isa = PBXFileReference; lastKnownFileType = folder.assetcatalog; path = Assets.xcassets; sourceTree = "<group>"; };
		0F2AE6B62AD32766000E9C77 /* Base */ = {isa = PBXFileReference; lastKnownFileType = file.storyboard; name = Base; path = Base.lproj/LaunchScreen.storyboard; sourceTree = "<group>"; };
		0F2AE6B82AD32766000E9C77 /* Info.plist */ = {isa = PBXFileReference; lastKnownFileType = text.plist.xml; path = Info.plist; sourceTree = "<group>"; };
		0F34B9E12B5C2B1000F9818E /* PaymentMethodsViewController.swift */ = {isa = PBXFileReference; lastKnownFileType = sourcecode.swift; path = PaymentMethodsViewController.swift; sourceTree = "<group>"; };
		0F3F31192B09483D00FCF112 /* MyProfileViewController.swift */ = {isa = PBXFileReference; lastKnownFileType = sourcecode.swift; path = MyProfileViewController.swift; sourceTree = "<group>"; };
		0F3F311B2B0BD4E800FCF112 /* RegisterCompleteViewController.swift */ = {isa = PBXFileReference; lastKnownFileType = sourcecode.swift; path = RegisterCompleteViewController.swift; sourceTree = "<group>"; };
		0F44BF842B08278E001C89DC /* AlertHelper.swift */ = {isa = PBXFileReference; lastKnownFileType = sourcecode.swift; path = AlertHelper.swift; sourceTree = "<group>"; };
		0F470E1E2B5FE603000AB3BB /* CardViewController.swift */ = {isa = PBXFileReference; lastKnownFileType = sourcecode.swift; path = CardViewController.swift; sourceTree = "<group>"; };
		0F470E202B607AED000AB3BB /* GoogleService-Info.plist */ = {isa = PBXFileReference; fileEncoding = 4; lastKnownFileType = text.plist.xml; path = "GoogleService-Info.plist"; sourceTree = "<group>"; };
		0F6400CB2B3F74AB00D6CCE9 /* GifLoader.swift */ = {isa = PBXFileReference; lastKnownFileType = sourcecode.swift; path = GifLoader.swift; sourceTree = "<group>"; };
		0F6400CE2B3F774D00D6CCE9 /* loadingKebabGif.gif */ = {isa = PBXFileReference; lastKnownFileType = image.gif; path = loadingKebabGif.gif; sourceTree = "<group>"; };
		0F6400D02B3F78DF00D6CCE9 /* LaunchScreenViewController.swift */ = {isa = PBXFileReference; lastKnownFileType = sourcecode.swift; path = LaunchScreenViewController.swift; sourceTree = "<group>"; };
		0F7106B22AD35E9000E21FF5 /* Foods.swift */ = {isa = PBXFileReference; lastKnownFileType = sourcecode.swift; path = Foods.swift; sourceTree = "<group>"; };
		0F750CC92B0553260058BF06 /* LoginViewController.swift */ = {isa = PBXFileReference; lastKnownFileType = sourcecode.swift; path = LoginViewController.swift; sourceTree = "<group>"; };
		0F750CCB2B05784E0058BF06 /* RegisterViewController.swift */ = {isa = PBXFileReference; lastKnownFileType = sourcecode.swift; path = RegisterViewController.swift; sourceTree = "<group>"; };
		0F7A241F2AD4993D00EC35DD /* FoodsDaoRepository.swift */ = {isa = PBXFileReference; lastKnownFileType = sourcecode.swift; path = FoodsDaoRepository.swift; sourceTree = "<group>"; };
		0F7A24242AD4AAE300EC35DD /* FoodsResponse.swift */ = {isa = PBXFileReference; lastKnownFileType = sourcecode.swift; path = FoodsResponse.swift; sourceTree = "<group>"; };
		0F7B65842AD5C5BC007A4F94 /* FoodDetailViewController.swift */ = {isa = PBXFileReference; lastKnownFileType = sourcecode.swift; path = FoodDetailViewController.swift; sourceTree = "<group>"; };
		0F8398092AD4798800307711 /* Anton-Regular.ttf */ = {isa = PBXFileReference; lastKnownFileType = file; path = "Anton-Regular.ttf"; sourceTree = "<group>"; };
		0F8450462AD882F900AA4507 /* CRUDresponse.swift */ = {isa = PBXFileReference; lastKnownFileType = sourcecode.swift; path = CRUDresponse.swift; sourceTree = "<group>"; };
		0F9919772B4DFC5100C81F09 /* AddressViewController.swift */ = {isa = PBXFileReference; lastKnownFileType = sourcecode.swift; path = AddressViewController.swift; sourceTree = "<group>"; };
		0F99BC3F2B4EAEEF001FA821 /* AddressViewModel.swift */ = {isa = PBXFileReference; lastKnownFileType = sourcecode.swift; path = AddressViewModel.swift; sourceTree = "<group>"; };
		0F9DAC3C2AD3559600361AF0 /* HomeCollectionViewCell.swift */ = {isa = PBXFileReference; lastKnownFileType = sourcecode.swift; path = HomeCollectionViewCell.swift; sourceTree = "<group>"; };
		0F9DAC3E2AD35B1400361AF0 /* HomeViewModel.swift */ = {isa = PBXFileReference; lastKnownFileType = sourcecode.swift; path = HomeViewModel.swift; sourceTree = "<group>"; };
		0FA064252B5C82D0007710B7 /* Cards.swift */ = {isa = PBXFileReference; lastKnownFileType = sourcecode.swift; path = Cards.swift; sourceTree = "<group>"; };
		0FCFC3472B2137310056A711 /* LikesViewModel.swift */ = {isa = PBXFileReference; lastKnownFileType = sourcecode.swift; path = LikesViewModel.swift; sourceTree = "<group>"; };
		0FCFC3492B213D210056A711 /* LikesViewController.swift */ = {isa = PBXFileReference; lastKnownFileType = sourcecode.swift; path = LikesViewController.swift; sourceTree = "<group>"; };
		0FCFC34B2B239CE60056A711 /* LikesTableViewCell.swift */ = {isa = PBXFileReference; lastKnownFileType = sourcecode.swift; path = LikesTableViewCell.swift; sourceTree = "<group>"; };
		0FF29CF82B5D994900B2D7C4 /* PaymentDaoRepository.swift */ = {isa = PBXFileReference; lastKnownFileType = sourcecode.swift; path = PaymentDaoRepository.swift; sourceTree = "<group>"; };
		0FF29CFA2B5DB8F600B2D7C4 /* PaymentViewModel.swift */ = {isa = PBXFileReference; lastKnownFileType = sourcecode.swift; path = PaymentViewModel.swift; sourceTree = "<group>"; };
/* End PBXFileReference section */

/* Begin PBXFrameworksBuildPhase section */
		0F2AE6A42AD32760000E9C77 /* Frameworks */ = {
			isa = PBXFrameworksBuildPhase;
			buildActionMask = 2147483647;
			files = (
				0F750CA02B0413460058BF06 /* FirebaseAuth in Frameworks */,
				0F161B222B1746FD00EC7807 /* SkeletonView in Frameworks */,
				0F13DED92B457D8600352578 /* MapKit.framework in Frameworks */,
				0F750CAC2B0413460058BF06 /* FirebaseFirestore in Frameworks */,
				0F7B65832AD5C0DB007A4F94 /* Kingfisher in Frameworks */,
				0F8398072AD4688200307711 /* RxSwift in Frameworks */,
				0F7A24232AD4A74300EC35DD /* Alamofire in Frameworks */,
				0F17B9332B0D6DBC00D7D3B7 /* FirebaseStorage in Frameworks */,
			);
			runOnlyForDeploymentPostprocessing = 0;
		};
/* End PBXFrameworksBuildPhase section */

/* Begin PBXGroup section */
		0F17B9312B0D6DBC00D7D3B7 /* Frameworks */ = {
			isa = PBXGroup;
			children = (
				0F13DED82B457D8600352578 /* MapKit.framework */,
			);
			name = Frameworks;
			sourceTree = "<group>";
		};
		0F2AE69E2AD32760000E9C77 = {
			isa = PBXGroup;
			children = (
				0F2AE6A92AD32760000E9C77 /* iOSBootcampFinalAssignmentFoodApp */,
				0F2AE6A82AD32760000E9C77 /* Products */,
				0F17B9312B0D6DBC00D7D3B7 /* Frameworks */,
			);
			sourceTree = "<group>";
		};
		0F2AE6A82AD32760000E9C77 /* Products */ = {
			isa = PBXGroup;
			children = (
				0F2AE6A72AD32760000E9C77 /* iOSBootcampFinalAssignmentFoodApp.app */,
			);
			name = Products;
			sourceTree = "<group>";
		};
		0F2AE6A92AD32760000E9C77 /* iOSBootcampFinalAssignmentFoodApp */ = {
			isa = PBXGroup;
			children = (
				0F2AE6AA2AD32760000E9C77 /* AppDelegate.swift */,
				0F2AE6AC2AD32760000E9C77 /* SceneDelegate.swift */,
				0F6400CD2B3F772100D6CCE9 /* Gifs */,
				0F44BF832B08274E001C89DC /* helpers */,
				0F8398082AD4784B00307711 /* fonts */,
				0F7106AC2AD35DA300E21FF5 /* ui */,
				0F7106AF2AD35E4600E21FF5 /* data */,
				0F2AE6B02AD32760000E9C77 /* Main.storyboard */,
				0F2AE6B32AD32766000E9C77 /* Assets.xcassets */,
				0F2AE6B52AD32766000E9C77 /* LaunchScreen.storyboard */,
				0F2AE6B82AD32766000E9C77 /* Info.plist */,
				0F470E202B607AED000AB3BB /* GoogleService-Info.plist */,
			);
			path = iOSBootcampFinalAssignmentFoodApp;
			sourceTree = "<group>";
		};
		0F44BF832B08274E001C89DC /* helpers */ = {
			isa = PBXGroup;
			children = (
				0F44BF842B08278E001C89DC /* AlertHelper.swift */,
				0F6400CB2B3F74AB00D6CCE9 /* GifLoader.swift */,
			);
			path = helpers;
			sourceTree = "<group>";
		};
		0F6400CD2B3F772100D6CCE9 /* Gifs */ = {
			isa = PBXGroup;
			children = (
				0F6400CE2B3F774D00D6CCE9 /* loadingKebabGif.gif */,
			);
			path = Gifs;
			sourceTree = "<group>";
		};
		0F7106AC2AD35DA300E21FF5 /* ui */ = {
			isa = PBXGroup;
			children = (
				0F7106B12AD35E6B00E21FF5 /* viewmodels */,
				0F7106AE2AD35DDA00E21FF5 /* cells */,
				0F7106AD2AD35DAB00E21FF5 /* views */,
			);
			path = ui;
			sourceTree = "<group>";
		};
		0F7106AD2AD35DAB00E21FF5 /* views */ = {
			isa = PBXGroup;
			children = (
				0F2AE6AE2AD32760000E9C77 /* HomeViewController.swift */,
				0F7B65842AD5C5BC007A4F94 /* FoodDetailViewController.swift */,
				0F0BD19E2ADAC25B00FC2697 /* FoodCartViewController.swift */,
				0F750CC92B0553260058BF06 /* LoginViewController.swift */,
				0F750CCB2B05784E0058BF06 /* RegisterViewController.swift */,
				0F3F311B2B0BD4E800FCF112 /* RegisterCompleteViewController.swift */,
				0F3F31192B09483D00FCF112 /* MyProfileViewController.swift */,
				0FCFC3492B213D210056A711 /* LikesViewController.swift */,
				0F6400D02B3F78DF00D6CCE9 /* LaunchScreenViewController.swift */,
				0F13DED42B40A9B600352578 /* ForgotPasswordViewController.swift */,
				0F13DED62B44CD6600352578 /* CheckoutViewController.swift */,
				0F9919772B4DFC5100C81F09 /* AddressViewController.swift */,
				0F08A8482B51A71400A0041D /* AddressesViewController.swift */,
				0F34B9E12B5C2B1000F9818E /* PaymentMethodsViewController.swift */,
				0F470E1E2B5FE603000AB3BB /* CardViewController.swift */,
			);
			path = views;
			sourceTree = "<group>";
		};
		0F7106AE2AD35DDA00E21FF5 /* cells */ = {
			isa = PBXGroup;
			children = (
				0F9DAC3C2AD3559600361AF0 /* HomeCollectionViewCell.swift */,
				0F0BD1A22ADAE50600FC2697 /* FoodCartCollectionViewCell.swift */,
				0FCFC34B2B239CE60056A711 /* LikesTableViewCell.swift */,
				0F13DEDA2B49699600352578 /* PaymentMethodTableViewCell.swift */,
				0F13DEDC2B496A6000352578 /* OrderSumTableViewCell.swift */,
				0F08A84A2B51F93D00A0041D /* AddressesTableViewCell.swift */,
			);
			path = cells;
			sourceTree = "<group>";
		};
		0F7106AF2AD35E4600E21FF5 /* data */ = {
			isa = PBXGroup;
			children = (
				0F7A241E2AD4991A00EC35DD /* repo */,
				0F7106B02AD35E5500E21FF5 /* entity */,
			);
			path = data;
			sourceTree = "<group>";
		};
		0F7106B02AD35E5500E21FF5 /* entity */ = {
			isa = PBXGroup;
			children = (
				0F7106B22AD35E9000E21FF5 /* Foods.swift */,
				0F7A24242AD4AAE300EC35DD /* FoodsResponse.swift */,
				0F8450462AD882F900AA4507 /* CRUDresponse.swift */,
				0F0BD1A42ADB54E000FC2697 /* CartFoods.swift */,
				0F0BD1A62ADC1CF100FC2697 /* CartFoodsResponse.swift */,
				0F17B9342B0EBDB400D7D3B7 /* User.swift */,
				0F13DF1C2B4B07CB00352578 /* Address.swift */,
				0FA064252B5C82D0007710B7 /* Cards.swift */,
			);
			path = entity;
			sourceTree = "<group>";
		};
		0F7106B12AD35E6B00E21FF5 /* viewmodels */ = {
			isa = PBXGroup;
			children = (
				0F9DAC3E2AD35B1400361AF0 /* HomeViewModel.swift */,
				0F0BD1A02ADAE4E400FC2697 /* FoodCartViewModel.swift */,
				0F161B1C2B13D9FF00EC7807 /* UserViewModel.swift */,
				0FCFC3472B2137310056A711 /* LikesViewModel.swift */,
				0F99BC3F2B4EAEEF001FA821 /* AddressViewModel.swift */,
				0FF29CFA2B5DB8F600B2D7C4 /* PaymentViewModel.swift */,
			);
			path = viewmodels;
			sourceTree = "<group>";
		};
		0F7A241E2AD4991A00EC35DD /* repo */ = {
			isa = PBXGroup;
			children = (
				0F7A241F2AD4993D00EC35DD /* FoodsDaoRepository.swift */,
				0F161B1E2B13E0F500EC7807 /* UsersDaoRepository.swift */,
				0F161B272B1D3B6F00EC7807 /* LikesDaoRepository.swift */,
				0F13DF1A2B4B06E300352578 /* AddressDaoRepository.swift */,
				0FF29CF82B5D994900B2D7C4 /* PaymentDaoRepository.swift */,
			);
			path = repo;
			sourceTree = "<group>";
		};
		0F8398082AD4784B00307711 /* fonts */ = {
			isa = PBXGroup;
			children = (
				0F8398092AD4798800307711 /* Anton-Regular.ttf */,
			);
			path = fonts;
			sourceTree = "<group>";
		};
/* End PBXGroup section */

/* Begin PBXNativeTarget section */
		0F2AE6A62AD32760000E9C77 /* iOSBootcampFinalAssignmentFoodApp */ = {
			isa = PBXNativeTarget;
			buildConfigurationList = 0F2AE6BB2AD32766000E9C77 /* Build configuration list for PBXNativeTarget "iOSBootcampFinalAssignmentFoodApp" */;
			buildPhases = (
				0F2AE6A32AD32760000E9C77 /* Sources */,
				0F2AE6A42AD32760000E9C77 /* Frameworks */,
				0F2AE6A52AD32760000E9C77 /* Resources */,
			);
			buildRules = (
			);
			dependencies = (
			);
			name = iOSBootcampFinalAssignmentFoodApp;
			packageProductDependencies = (
				0F8398062AD4688200307711 /* RxSwift */,
				0F7A24222AD4A74300EC35DD /* Alamofire */,
				0F7B65822AD5C0DB007A4F94 /* Kingfisher */,
				0F750C9F2B0413460058BF06 /* FirebaseAuth */,
				0F750CAB2B0413460058BF06 /* FirebaseFirestore */,
				0F17B9322B0D6DBC00D7D3B7 /* FirebaseStorage */,
				0F161B212B1746FD00EC7807 /* SkeletonView */,
			);
			productName = iOSBootcampFinalAssignmentFoodApp;
			productReference = 0F2AE6A72AD32760000E9C77 /* iOSBootcampFinalAssignmentFoodApp.app */;
			productType = "com.apple.product-type.application";
		};
/* End PBXNativeTarget section */

/* Begin PBXProject section */
		0F2AE69F2AD32760000E9C77 /* Project object */ = {
			isa = PBXProject;
			attributes = {
				BuildIndependentTargetsInParallel = 1;
				LastSwiftUpdateCheck = 1420;
				LastUpgradeCheck = 1420;
				TargetAttributes = {
					0F2AE6A62AD32760000E9C77 = {
						CreatedOnToolsVersion = 14.2;
					};
				};
			};
			buildConfigurationList = 0F2AE6A22AD32760000E9C77 /* Build configuration list for PBXProject "iOSBootcampFinalAssignmentFoodApp" */;
			compatibilityVersion = "Xcode 14.0";
			developmentRegion = en;
			hasScannedForEncodings = 0;
			knownRegions = (
				en,
				Base,
			);
			mainGroup = 0F2AE69E2AD32760000E9C77;
			packageReferences = (
				0F8398052AD4688200307711 /* XCRemoteSwiftPackageReference "RxSwift" */,
				0F7A24212AD4A74300EC35DD /* XCRemoteSwiftPackageReference "Alamofire" */,
				0F7B65812AD5C0DB007A4F94 /* XCRemoteSwiftPackageReference "Kingfisher" */,
				0F750C902B0403E50058BF06 /* XCRemoteSwiftPackageReference "firebase-ios-sdk" */,
				0F161B202B1746FC00EC7807 /* XCRemoteSwiftPackageReference "SkeletonView" */,
			);
			productRefGroup = 0F2AE6A82AD32760000E9C77 /* Products */;
			projectDirPath = "";
			projectRoot = "";
			targets = (
				0F2AE6A62AD32760000E9C77 /* iOSBootcampFinalAssignmentFoodApp */,
			);
		};
/* End PBXProject section */

/* Begin PBXResourcesBuildPhase section */
		0F2AE6A52AD32760000E9C77 /* Resources */ = {
			isa = PBXResourcesBuildPhase;
			buildActionMask = 2147483647;
			files = (
				0F83980A2AD4798800307711 /* Anton-Regular.ttf in Resources */,
				0F2AE6B72AD32766000E9C77 /* LaunchScreen.storyboard in Resources */,
				0F470E212B607AED000AB3BB /* GoogleService-Info.plist in Resources */,
				0F6400CF2B3F774D00D6CCE9 /* loadingKebabGif.gif in Resources */,
				0F2AE6B42AD32766000E9C77 /* Assets.xcassets in Resources */,
				0F2AE6B22AD32760000E9C77 /* Main.storyboard in Resources */,
			);
			runOnlyForDeploymentPostprocessing = 0;
		};
/* End PBXResourcesBuildPhase section */

/* Begin PBXSourcesBuildPhase section */
		0F2AE6A32AD32760000E9C77 /* Sources */ = {
			isa = PBXSourcesBuildPhase;
			buildActionMask = 2147483647;
			files = (
				0F13DEDD2B496A6000352578 /* OrderSumTableViewCell.swift in Sources */,
				0F13DF1B2B4B06E300352578 /* AddressDaoRepository.swift in Sources */,
				0F3F311C2B0BD4E900FCF112 /* RegisterCompleteViewController.swift in Sources */,
				0F7B65852AD5C5BC007A4F94 /* FoodDetailViewController.swift in Sources */,
				0F0BD1A52ADB54E100FC2697 /* CartFoods.swift in Sources */,
				0F161B282B1D3B6F00EC7807 /* LikesDaoRepository.swift in Sources */,
				0F3F311A2B09483D00FCF112 /* MyProfileViewController.swift in Sources */,
				0F7A24252AD4AAE300EC35DD /* FoodsResponse.swift in Sources */,
				0F470E1F2B5FE603000AB3BB /* CardViewController.swift in Sources */,
				0F7A24202AD4993D00EC35DD /* FoodsDaoRepository.swift in Sources */,
				0F6400CC2B3F74AB00D6CCE9 /* GifLoader.swift in Sources */,
				0F0BD19F2ADAC25B00FC2697 /* FoodCartViewController.swift in Sources */,
				0F0BD1A72ADC1CF100FC2697 /* CartFoodsResponse.swift in Sources */,
				0F08A84B2B51F93D00A0041D /* AddressesTableViewCell.swift in Sources */,
				0F44BF852B08278E001C89DC /* AlertHelper.swift in Sources */,
				0F08A8492B51A71400A0041D /* AddressesViewController.swift in Sources */,
				0F9DAC3F2AD35B1500361AF0 /* HomeViewModel.swift in Sources */,
				0F0BD1A32ADAE50600FC2697 /* FoodCartCollectionViewCell.swift in Sources */,
				0F0BD1A12ADAE4E400FC2697 /* FoodCartViewModel.swift in Sources */,
				0F6400D12B3F78DF00D6CCE9 /* LaunchScreenViewController.swift in Sources */,
				0F161B1D2B13D9FF00EC7807 /* UserViewModel.swift in Sources */,
				0F2AE6AF2AD32760000E9C77 /* HomeViewController.swift in Sources */,
				0F2AE6AB2AD32760000E9C77 /* AppDelegate.swift in Sources */,
				0F34B9E22B5C2B1100F9818E /* PaymentMethodsViewController.swift in Sources */,
				0FCFC3482B2137310056A711 /* LikesViewModel.swift in Sources */,
				0F13DED72B44CD6600352578 /* CheckoutViewController.swift in Sources */,
				0F8450472AD882F900AA4507 /* CRUDresponse.swift in Sources */,
				0F750CCA2B0553260058BF06 /* LoginViewController.swift in Sources */,
				0F750CCC2B05784E0058BF06 /* RegisterViewController.swift in Sources */,
				0F7106B32AD35E9000E21FF5 /* Foods.swift in Sources */,
				0F9DAC3D2AD3559600361AF0 /* HomeCollectionViewCell.swift in Sources */,
				0F9919782B4DFC5100C81F09 /* AddressViewController.swift in Sources */,
				0FF29CF92B5D994900B2D7C4 /* PaymentDaoRepository.swift in Sources */,
				0FA064262B5C82D0007710B7 /* Cards.swift in Sources */,
				0FCFC34A2B213D210056A711 /* LikesViewController.swift in Sources */,
				0F13DEDB2B49699600352578 /* PaymentMethodTableViewCell.swift in Sources */,
				0F161B1F2B13E0F500EC7807 /* UsersDaoRepository.swift in Sources */,
				0F13DED52B40A9B600352578 /* ForgotPasswordViewController.swift in Sources */,
				0FF29CFB2B5DB8F600B2D7C4 /* PaymentViewModel.swift in Sources */,
				0F2AE6AD2AD32760000E9C77 /* SceneDelegate.swift in Sources */,
				0F99BC402B4EAEEF001FA821 /* AddressViewModel.swift in Sources */,
				0FCFC34C2B239CE60056A711 /* LikesTableViewCell.swift in Sources */,
				0F17B9352B0EBDB400D7D3B7 /* User.swift in Sources */,
				0F13DF1D2B4B07CB00352578 /* Address.swift in Sources */,
			);
			runOnlyForDeploymentPostprocessing = 0;
		};
/* End PBXSourcesBuildPhase section */

/* Begin PBXVariantGroup section */
		0F2AE6B02AD32760000E9C77 /* Main.storyboard */ = {
			isa = PBXVariantGroup;
			children = (
				0F2AE6B12AD32760000E9C77 /* Base */,
			);
			name = Main.storyboard;
			sourceTree = "<group>";
		};
		0F2AE6B52AD32766000E9C77 /* LaunchScreen.storyboard */ = {
			isa = PBXVariantGroup;
			children = (
				0F2AE6B62AD32766000E9C77 /* Base */,
			);
			name = LaunchScreen.storyboard;
			sourceTree = "<group>";
		};
/* End PBXVariantGroup section */

/* Begin XCBuildConfiguration section */
		0F2AE6B92AD32766000E9C77 /* Debug */ = {
			isa = XCBuildConfiguration;
			buildSettings = {
				ALWAYS_SEARCH_USER_PATHS = NO;
				CLANG_ANALYZER_NONNULL = YES;
				CLANG_ANALYZER_NUMBER_OBJECT_CONVERSION = YES_AGGRESSIVE;
				CLANG_CXX_LANGUAGE_STANDARD = "gnu++20";
				CLANG_ENABLE_MODULES = YES;
				CLANG_ENABLE_OBJC_ARC = YES;
				CLANG_ENABLE_OBJC_WEAK = YES;
				CLANG_WARN_BLOCK_CAPTURE_AUTORELEASING = YES;
				CLANG_WARN_BOOL_CONVERSION = YES;
				CLANG_WARN_COMMA = YES;
				CLANG_WARN_CONSTANT_CONVERSION = YES;
				CLANG_WARN_DEPRECATED_OBJC_IMPLEMENTATIONS = YES;
				CLANG_WARN_DIRECT_OBJC_ISA_USAGE = YES_ERROR;
				CLANG_WARN_DOCUMENTATION_COMMENTS = YES;
				CLANG_WARN_EMPTY_BODY = YES;
				CLANG_WARN_ENUM_CONVERSION = YES;
				CLANG_WARN_INFINITE_RECURSION = YES;
				CLANG_WARN_INT_CONVERSION = YES;
				CLANG_WARN_NON_LITERAL_NULL_CONVERSION = YES;
				CLANG_WARN_OBJC_IMPLICIT_RETAIN_SELF = YES;
				CLANG_WARN_OBJC_LITERAL_CONVERSION = YES;
				CLANG_WARN_OBJC_ROOT_CLASS = YES_ERROR;
				CLANG_WARN_QUOTED_INCLUDE_IN_FRAMEWORK_HEADER = YES;
				CLANG_WARN_RANGE_LOOP_ANALYSIS = YES;
				CLANG_WARN_STRICT_PROTOTYPES = YES;
				CLANG_WARN_SUSPICIOUS_MOVE = YES;
				CLANG_WARN_UNGUARDED_AVAILABILITY = YES_AGGRESSIVE;
				CLANG_WARN_UNREACHABLE_CODE = YES;
				CLANG_WARN__DUPLICATE_METHOD_MATCH = YES;
				COPY_PHASE_STRIP = NO;
				DEBUG_INFORMATION_FORMAT = dwarf;
				ENABLE_STRICT_OBJC_MSGSEND = YES;
				ENABLE_TESTABILITY = YES;
				GCC_C_LANGUAGE_STANDARD = gnu11;
				GCC_DYNAMIC_NO_PIC = NO;
				GCC_NO_COMMON_BLOCKS = YES;
				GCC_OPTIMIZATION_LEVEL = 0;
				GCC_PREPROCESSOR_DEFINITIONS = (
					"DEBUG=1",
					"$(inherited)",
				);
				GCC_WARN_64_TO_32_BIT_CONVERSION = YES;
				GCC_WARN_ABOUT_RETURN_TYPE = YES_ERROR;
				GCC_WARN_UNDECLARED_SELECTOR = YES;
				GCC_WARN_UNINITIALIZED_AUTOS = YES_AGGRESSIVE;
				GCC_WARN_UNUSED_FUNCTION = YES;
				GCC_WARN_UNUSED_VARIABLE = YES;
				IPHONEOS_DEPLOYMENT_TARGET = 16.2;
				MTL_ENABLE_DEBUG_INFO = INCLUDE_SOURCE;
				MTL_FAST_MATH = YES;
				ONLY_ACTIVE_ARCH = YES;
				SDKROOT = iphoneos;
				SWIFT_ACTIVE_COMPILATION_CONDITIONS = DEBUG;
				SWIFT_OPTIMIZATION_LEVEL = "-Onone";
			};
			name = Debug;
		};
		0F2AE6BA2AD32766000E9C77 /* Release */ = {
			isa = XCBuildConfiguration;
			buildSettings = {
				ALWAYS_SEARCH_USER_PATHS = NO;
				CLANG_ANALYZER_NONNULL = YES;
				CLANG_ANALYZER_NUMBER_OBJECT_CONVERSION = YES_AGGRESSIVE;
				CLANG_CXX_LANGUAGE_STANDARD = "gnu++20";
				CLANG_ENABLE_MODULES = YES;
				CLANG_ENABLE_OBJC_ARC = YES;
				CLANG_ENABLE_OBJC_WEAK = YES;
				CLANG_WARN_BLOCK_CAPTURE_AUTORELEASING = YES;
				CLANG_WARN_BOOL_CONVERSION = YES;
				CLANG_WARN_COMMA = YES;
				CLANG_WARN_CONSTANT_CONVERSION = YES;
				CLANG_WARN_DEPRECATED_OBJC_IMPLEMENTATIONS = YES;
				CLANG_WARN_DIRECT_OBJC_ISA_USAGE = YES_ERROR;
				CLANG_WARN_DOCUMENTATION_COMMENTS = YES;
				CLANG_WARN_EMPTY_BODY = YES;
				CLANG_WARN_ENUM_CONVERSION = YES;
				CLANG_WARN_INFINITE_RECURSION = YES;
				CLANG_WARN_INT_CONVERSION = YES;
				CLANG_WARN_NON_LITERAL_NULL_CONVERSION = YES;
				CLANG_WARN_OBJC_IMPLICIT_RETAIN_SELF = YES;
				CLANG_WARN_OBJC_LITERAL_CONVERSION = YES;
				CLANG_WARN_OBJC_ROOT_CLASS = YES_ERROR;
				CLANG_WARN_QUOTED_INCLUDE_IN_FRAMEWORK_HEADER = YES;
				CLANG_WARN_RANGE_LOOP_ANALYSIS = YES;
				CLANG_WARN_STRICT_PROTOTYPES = YES;
				CLANG_WARN_SUSPICIOUS_MOVE = YES;
				CLANG_WARN_UNGUARDED_AVAILABILITY = YES_AGGRESSIVE;
				CLANG_WARN_UNREACHABLE_CODE = YES;
				CLANG_WARN__DUPLICATE_METHOD_MATCH = YES;
				COPY_PHASE_STRIP = NO;
				DEBUG_INFORMATION_FORMAT = "dwarf-with-dsym";
				ENABLE_NS_ASSERTIONS = NO;
				ENABLE_STRICT_OBJC_MSGSEND = YES;
				GCC_C_LANGUAGE_STANDARD = gnu11;
				GCC_NO_COMMON_BLOCKS = YES;
				GCC_WARN_64_TO_32_BIT_CONVERSION = YES;
				GCC_WARN_ABOUT_RETURN_TYPE = YES_ERROR;
				GCC_WARN_UNDECLARED_SELECTOR = YES;
				GCC_WARN_UNINITIALIZED_AUTOS = YES_AGGRESSIVE;
				GCC_WARN_UNUSED_FUNCTION = YES;
				GCC_WARN_UNUSED_VARIABLE = YES;
				IPHONEOS_DEPLOYMENT_TARGET = 16.2;
				MTL_ENABLE_DEBUG_INFO = NO;
				MTL_FAST_MATH = YES;
				SDKROOT = iphoneos;
				SWIFT_COMPILATION_MODE = wholemodule;
				SWIFT_OPTIMIZATION_LEVEL = "-O";
				VALIDATE_PRODUCT = YES;
			};
			name = Release;
		};
		0F2AE6BC2AD32766000E9C77 /* Debug */ = {
			isa = XCBuildConfiguration;
			buildSettings = {
				ASSETCATALOG_COMPILER_APPICON_NAME = AppIcon;
				ASSETCATALOG_COMPILER_GLOBAL_ACCENT_COLOR_NAME = AccentColor;
				CODE_SIGN_STYLE = Automatic;
				CURRENT_PROJECT_VERSION = 1;
				DEVELOPMENT_TEAM = T56JGFA2A3;
				GENERATE_INFOPLIST_FILE = YES;
				INFOPLIST_FILE = iOSBootcampFinalAssignmentFoodApp/Info.plist;
				INFOPLIST_KEY_CFBundleDisplayName = KebApp;
				INFOPLIST_KEY_UIApplicationSupportsIndirectInputEvents = YES;
				INFOPLIST_KEY_UILaunchStoryboardName = LaunchScreen;
				INFOPLIST_KEY_UIMainStoryboardFile = Main;
				INFOPLIST_KEY_UISupportedInterfaceOrientations_iPad = "UIInterfaceOrientationPortrait UIInterfaceOrientationPortraitUpsideDown UIInterfaceOrientationLandscapeLeft UIInterfaceOrientationLandscapeRight";
				INFOPLIST_KEY_UISupportedInterfaceOrientations_iPhone = "UIInterfaceOrientationPortrait UIInterfaceOrientationLandscapeLeft UIInterfaceOrientationLandscapeRight";
				LD_RUNPATH_SEARCH_PATHS = (
					"$(inherited)",
					"@executable_path/Frameworks",
				);
				MARKETING_VERSION = 1.0;
				PRODUCT_BUNDLE_IDENTIFIER = com.info.iOSBootcampFinalAssignmentFoodApp;
				PRODUCT_NAME = "$(TARGET_NAME)";
				SUPPORTED_PLATFORMS = "iphoneos iphonesimulator";
				SUPPORTS_MACCATALYST = NO;
				SUPPORTS_MAC_DESIGNED_FOR_IPHONE_IPAD = NO;
				SWIFT_EMIT_LOC_STRINGS = YES;
				SWIFT_VERSION = 5.0;
				TARGETED_DEVICE_FAMILY = "1,2";
			};
			name = Debug;
		};
		0F2AE6BD2AD32766000E9C77 /* Release */ = {
			isa = XCBuildConfiguration;
			buildSettings = {
				ASSETCATALOG_COMPILER_APPICON_NAME = AppIcon;
				ASSETCATALOG_COMPILER_GLOBAL_ACCENT_COLOR_NAME = AccentColor;
				CODE_SIGN_STYLE = Automatic;
				CURRENT_PROJECT_VERSION = 1;
				DEVELOPMENT_TEAM = T56JGFA2A3;
				GENERATE_INFOPLIST_FILE = YES;
				INFOPLIST_FILE = iOSBootcampFinalAssignmentFoodApp/Info.plist;
				INFOPLIST_KEY_CFBundleDisplayName = KebApp;
				INFOPLIST_KEY_UIApplicationSupportsIndirectInputEvents = YES;
				INFOPLIST_KEY_UILaunchStoryboardName = LaunchScreen;
				INFOPLIST_KEY_UIMainStoryboardFile = Main;
				INFOPLIST_KEY_UISupportedInterfaceOrientations_iPad = "UIInterfaceOrientationPortrait UIInterfaceOrientationPortraitUpsideDown UIInterfaceOrientationLandscapeLeft UIInterfaceOrientationLandscapeRight";
				INFOPLIST_KEY_UISupportedInterfaceOrientations_iPhone = "UIInterfaceOrientationPortrait UIInterfaceOrientationLandscapeLeft UIInterfaceOrientationLandscapeRight";
				LD_RUNPATH_SEARCH_PATHS = (
					"$(inherited)",
					"@executable_path/Frameworks",
				);
				MARKETING_VERSION = 1.0;
				PRODUCT_BUNDLE_IDENTIFIER = com.info.iOSBootcampFinalAssignmentFoodApp;
				PRODUCT_NAME = "$(TARGET_NAME)";
				SUPPORTED_PLATFORMS = "iphoneos iphonesimulator";
				SUPPORTS_MACCATALYST = NO;
				SUPPORTS_MAC_DESIGNED_FOR_IPHONE_IPAD = NO;
				SWIFT_EMIT_LOC_STRINGS = YES;
				SWIFT_VERSION = 5.0;
				TARGETED_DEVICE_FAMILY = "1,2";
			};
			name = Release;
		};
/* End XCBuildConfiguration section */

/* Begin XCConfigurationList section */
		0F2AE6A22AD32760000E9C77 /* Build configuration list for PBXProject "iOSBootcampFinalAssignmentFoodApp" */ = {
			isa = XCConfigurationList;
			buildConfigurations = (
				0F2AE6B92AD32766000E9C77 /* Debug */,
				0F2AE6BA2AD32766000E9C77 /* Release */,
			);
			defaultConfigurationIsVisible = 0;
			defaultConfigurationName = Release;
		};
		0F2AE6BB2AD32766000E9C77 /* Build configuration list for PBXNativeTarget "iOSBootcampFinalAssignmentFoodApp" */ = {
			isa = XCConfigurationList;
			buildConfigurations = (
				0F2AE6BC2AD32766000E9C77 /* Debug */,
				0F2AE6BD2AD32766000E9C77 /* Release */,
			);
			defaultConfigurationIsVisible = 0;
			defaultConfigurationName = Release;
		};
/* End XCConfigurationList section */

/* Begin XCRemoteSwiftPackageReference section */
		0F161B202B1746FC00EC7807 /* XCRemoteSwiftPackageReference "SkeletonView" */ = {
			isa = XCRemoteSwiftPackageReference;
			repositoryURL = "https://github.com/Juanpe/SkeletonView.git";
			requirement = {
				kind = upToNextMajorVersion;
				minimumVersion = 1.30.4;
			};
		};
		0F750C902B0403E50058BF06 /* XCRemoteSwiftPackageReference "firebase-ios-sdk" */ = {
			isa = XCRemoteSwiftPackageReference;
			repositoryURL = "https://github.com/firebase/firebase-ios-sdk";
			requirement = {
				kind = upToNextMajorVersion;
				minimumVersion = 10.18.0;
			};
		};
		0F7A24212AD4A74300EC35DD /* XCRemoteSwiftPackageReference "Alamofire" */ = {
			isa = XCRemoteSwiftPackageReference;
			repositoryURL = "https://github.com/Alamofire/Alamofire.git";
			requirement = {
				kind = upToNextMajorVersion;
				minimumVersion = 5.0.0;
			};
		};
		0F7B65812AD5C0DB007A4F94 /* XCRemoteSwiftPackageReference "Kingfisher" */ = {
			isa = XCRemoteSwiftPackageReference;
			repositoryURL = "https://github.com/onevcat/Kingfisher.git";
			requirement = {
				kind = upToNextMajorVersion;
				minimumVersion = 7.0.0;
			};
		};
		0F8398052AD4688200307711 /* XCRemoteSwiftPackageReference "RxSwift" */ = {
			isa = XCRemoteSwiftPackageReference;
			repositoryURL = "https://github.com/ReactiveX/RxSwift.git";
			requirement = {
				kind = upToNextMajorVersion;
				minimumVersion = 6.0.0;
			};
		};
/* End XCRemoteSwiftPackageReference section */

/* Begin XCSwiftPackageProductDependency section */
		0F161B212B1746FD00EC7807 /* SkeletonView */ = {
			isa = XCSwiftPackageProductDependency;
			package = 0F161B202B1746FC00EC7807 /* XCRemoteSwiftPackageReference "SkeletonView" */;
			productName = SkeletonView;
		};
		0F17B9322B0D6DBC00D7D3B7 /* FirebaseStorage */ = {
			isa = XCSwiftPackageProductDependency;
			package = 0F750C902B0403E50058BF06 /* XCRemoteSwiftPackageReference "firebase-ios-sdk" */;
			productName = FirebaseStorage;
		};
		0F750C9F2B0413460058BF06 /* FirebaseAuth */ = {
			isa = XCSwiftPackageProductDependency;
			package = 0F750C902B0403E50058BF06 /* XCRemoteSwiftPackageReference "firebase-ios-sdk" */;
			productName = FirebaseAuth;
		};
		0F750CAB2B0413460058BF06 /* FirebaseFirestore */ = {
			isa = XCSwiftPackageProductDependency;
			package = 0F750C902B0403E50058BF06 /* XCRemoteSwiftPackageReference "firebase-ios-sdk" */;
			productName = FirebaseFirestore;
		};
		0F7A24222AD4A74300EC35DD /* Alamofire */ = {
			isa = XCSwiftPackageProductDependency;
			package = 0F7A24212AD4A74300EC35DD /* XCRemoteSwiftPackageReference "Alamofire" */;
			productName = Alamofire;
		};
		0F7B65822AD5C0DB007A4F94 /* Kingfisher */ = {
			isa = XCSwiftPackageProductDependency;
			package = 0F7B65812AD5C0DB007A4F94 /* XCRemoteSwiftPackageReference "Kingfisher" */;
			productName = Kingfisher;
		};
		0F8398062AD4688200307711 /* RxSwift */ = {
			isa = XCSwiftPackageProductDependency;
			package = 0F8398052AD4688200307711 /* XCRemoteSwiftPackageReference "RxSwift" */;
			productName = RxSwift;
		};
/* End XCSwiftPackageProductDependency section */
	};
	rootObject = 0F2AE69F2AD32760000E9C77 /* Project object */;
}
